
Microsoft Visual Studio Solution File, Format Version 12.00
# Visual Studio Version 16
VisualStudioVersion = 16.0.30002.166
MinimumVisualStudioVersion = 10.0.40219.1
Project("{FAE04EC0-301F-11D3-BF4B-00C04F79EFBC}") = "NapredniBazi", "NapredniBazi\NapredniBazi.csproj", "{42AC3BCC-4BD6-4747-B715-7B728D20BAAE}"
EndProject
Global
	GlobalSection(SolutionConfigurationPlatforms) = preSolution
		Debug|Any CPU = Debug|Any CPU
		Release|Any CPU = Release|Any CPU
	EndGlobalSection
	GlobalSection(ProjectConfigurationPlatforms) = postSolution
		{42AC3BCC-4BD6-4747-B715-7B728D20BAAE}.Debug|Any CPU.ActiveCfg = Debug|Any CPU
		{42AC3BCC-4BD6-4747-B715-7B728D20BAAE}.Debug|Any CPU.Build.0 = Debug|Any CPU
		{42AC3BCC-4BD6-4747-B715-7B728D20BAAE}.Release|Any CPU.ActiveCfg = Release|Any CPU
		{42AC3BCC-4BD6-4747-B715-7B728D20BAAE}.Release|Any CPU.Build.0 = Release|Any CPU
	EndGlobalSection
	GlobalSection(SolutionProperties) = preSolution
		HideSolutionNode = FALSE
	EndGlobalSection
	GlobalSection(ExtensibilityGlobals) = postSolution
		SolutionGuid = {8685D85B-C399-4472-8788-366199DBFE0A}
	EndGlobalSection
EndGlobal
